// !$*UTF8*$!
{
	archiveVersion = 1;
	classes = {
	};
	objectVersion = 51;
	objects = {

/* Begin PBXBuildFile section */
		58E968CBAD86AB5C03518450 /* Pods_Meli.framework in Frameworks */ = {isa = PBXBuildFile; fileRef = 3FD64225491321575A68A4B9 /* Pods_Meli.framework */; };
		7B1C37C8238ACA9400B8F69B /* AppDelegate.swift in Sources */ = {isa = PBXBuildFile; fileRef = 7B1C37C7238ACA9400B8F69B /* AppDelegate.swift */; };
		7B1C37CA238ACA9400B8F69B /* SceneDelegate.swift in Sources */ = {isa = PBXBuildFile; fileRef = 7B1C37C9238ACA9400B8F69B /* SceneDelegate.swift */; };
		7B1C37CC238ACA9400B8F69B /* ViewController.swift in Sources */ = {isa = PBXBuildFile; fileRef = 7B1C37CB238ACA9400B8F69B /* ViewController.swift */; };
		7B1C37CF238ACA9400B8F69B /* Main.storyboard in Resources */ = {isa = PBXBuildFile; fileRef = 7B1C37CD238ACA9400B8F69B /* Main.storyboard */; };
		7B1C37D1238ACA9600B8F69B /* Assets.xcassets in Resources */ = {isa = PBXBuildFile; fileRef = 7B1C37D0238ACA9600B8F69B /* Assets.xcassets */; };
		7B1C37D4238ACA9600B8F69B /* LaunchScreen.storyboard in Resources */ = {isa = PBXBuildFile; fileRef = 7B1C37D2238ACA9600B8F69B /* LaunchScreen.storyboard */; };
		7B2037AB238C4A97009FAFE7 /* ViewController2.swift in Sources */ = {isa = PBXBuildFile; fileRef = 7B2037AA238C4A97009FAFE7 /* ViewController2.swift */; };
		7BE64EF523A7DF240062C2F9 /* ViewController3.swift in Sources */ = {isa = PBXBuildFile; fileRef = 7BE64EF423A7DF240062C2F9 /* ViewController3.swift */; };
		FB1772CB239CB217004A3E0C /* CellView.xib in Resources */ = {isa = PBXBuildFile; fileRef = FB1772CA239CB217004A3E0C /* CellView.xib */; };
		FB1772CF239CB266004A3E0C /* CellView.swift in Sources */ = {isa = PBXBuildFile; fileRef = FB1772CE239CB266004A3E0C /* CellView.swift */; };
/* End PBXBuildFile section */

/* Begin PBXFileReference section */
		1E186D2E7A0AAC95D25E63B5 /* Pods-Meli.release.xcconfig */ = {isa = PBXFileReference; includeInIndex = 1; lastKnownFileType = text.xcconfig; name = "Pods-Meli.release.xcconfig"; path = "Target Support Files/Pods-Meli/Pods-Meli.release.xcconfig"; sourceTree = "<group>"; };
		233F13382C9C22DC305AEFFF /* Pods-Meli.debug.xcconfig */ = {isa = PBXFileReference; includeInIndex = 1; lastKnownFileType = text.xcconfig; name = "Pods-Meli.debug.xcconfig"; path = "Target Support Files/Pods-Meli/Pods-Meli.debug.xcconfig"; sourceTree = "<group>"; };
		3FD64225491321575A68A4B9 /* Pods_Meli.framework */ = {isa = PBXFileReference; explicitFileType = wrapper.framework; includeInIndex = 0; path = Pods_Meli.framework; sourceTree = BUILT_PRODUCTS_DIR; };
		7B1C37C4238ACA9400B8F69B /* Meli.app */ = {isa = PBXFileReference; explicitFileType = wrapper.application; includeInIndex = 0; path = Meli.app; sourceTree = BUILT_PRODUCTS_DIR; };
		7B1C37C7238ACA9400B8F69B /* AppDelegate.swift */ = {isa = PBXFileReference; lastKnownFileType = sourcecode.swift; path = AppDelegate.swift; sourceTree = "<group>"; };
		7B1C37C9238ACA9400B8F69B /* SceneDelegate.swift */ = {isa = PBXFileReference; lastKnownFileType = sourcecode.swift; path = SceneDelegate.swift; sourceTree = "<group>"; };
		7B1C37CB238ACA9400B8F69B /* ViewController.swift */ = {isa = PBXFileReference; lastKnownFileType = sourcecode.swift; path = ViewController.swift; sourceTree = "<group>"; };
		7B1C37CE238ACA9400B8F69B /* Base */ = {isa = PBXFileReference; lastKnownFileType = file.storyboard; name = Base; path = Base.lproj/Main.storyboard; sourceTree = "<group>"; };
		7B1C37D0238ACA9600B8F69B /* Assets.xcassets */ = {isa = PBXFileReference; lastKnownFileType = folder.assetcatalog; path = Assets.xcassets; sourceTree = "<group>"; };
		7B1C37D3238ACA9600B8F69B /* Base */ = {isa = PBXFileReference; lastKnownFileType = file.storyboard; name = Base; path = Base.lproj/LaunchScreen.storyboard; sourceTree = "<group>"; };
		7B1C37D5238ACA9600B8F69B /* Info.plist */ = {isa = PBXFileReference; lastKnownFileType = text.plist.xml; path = Info.plist; sourceTree = "<group>"; };
		7B2037AA238C4A97009FAFE7 /* ViewController2.swift */ = {isa = PBXFileReference; lastKnownFileType = sourcecode.swift; path = ViewController2.swift; sourceTree = "<group>"; };
		7BE64EF423A7DF240062C2F9 /* ViewController3.swift */ = {isa = PBXFileReference; lastKnownFileType = sourcecode.swift; path = ViewController3.swift; sourceTree = "<group>"; };
		FB1772CA239CB217004A3E0C /* CellView.xib */ = {isa = PBXFileReference; lastKnownFileType = file.xib; path = CellView.xib; sourceTree = "<group>"; };
		FB1772CE239CB266004A3E0C /* CellView.swift */ = {isa = PBXFileReference; lastKnownFileType = sourcecode.swift; path = CellView.swift; sourceTree = "<group>"; };
/* End PBXFileReference section */

/* Begin PBXFrameworksBuildPhase section */
		7B1C37C1238ACA9400B8F69B /* Frameworks */ = {
			isa = PBXFrameworksBuildPhase;
			buildActionMask = 2147483647;
			files = (
				58E968CBAD86AB5C03518450 /* Pods_Meli.framework in Frameworks */,
			);
			runOnlyForDeploymentPostprocessing = 0;
		};
/* End PBXFrameworksBuildPhase section */

/* Begin PBXGroup section */
		06784758D817C694312D4425 /* Pods */ = {
			isa = PBXGroup;
			children = (
				233F13382C9C22DC305AEFFF /* Pods-Meli.debug.xcconfig */,
				1E186D2E7A0AAC95D25E63B5 /* Pods-Meli.release.xcconfig */,
			);
			path = Pods;
			sourceTree = "<group>";
		};
		7B1C37BB238ACA9400B8F69B = {
			isa = PBXGroup;
			children = (
				7B1C37C6238ACA9400B8F69B /* Meli */,
				7B1C37C5238ACA9400B8F69B /* Products */,
				06784758D817C694312D4425 /* Pods */,
				E51C7C1BF344412B5A5E290A /* Frameworks */,
			);
			sourceTree = "<group>";
		};
		7B1C37C5238ACA9400B8F69B /* Products */ = {
			isa = PBXGroup;
			children = (
				7B1C37C4238ACA9400B8F69B /* Meli.app */,
			);
			name = Products;
			sourceTree = "<group>";
		};
		7B1C37C6238ACA9400B8F69B /* Meli */ = {
			isa = PBXGroup;
			children = (
				7B1C37C7238ACA9400B8F69B /* AppDelegate.swift */,
				7B1C37C9238ACA9400B8F69B /* SceneDelegate.swift */,
				7B1C37CB238ACA9400B8F69B /* ViewController.swift */,
				7B2037AA238C4A97009FAFE7 /* ViewController2.swift */,
				7BE64EF423A7DF240062C2F9 /* ViewController3.swift */,
				7B1C37CD238ACA9400B8F69B /* Main.storyboard */,
				7B1C37D2238ACA9600B8F69B /* LaunchScreen.storyboard */,
				7B1C37D5238ACA9600B8F69B /* Info.plist */,
				FB1772CA239CB217004A3E0C /* CellView.xib */,
				FB1772CE239CB266004A3E0C /* CellView.swift */,
				7B1C37D0238ACA9600B8F69B /* Assets.xcassets */,
			);
			path = Meli;
			sourceTree = "<group>";
		};
		E51C7C1BF344412B5A5E290A /* Frameworks */ = {
			isa = PBXGroup;
			children = (
				3FD64225491321575A68A4B9 /* Pods_Meli.framework */,
			);
			name = Frameworks;
			sourceTree = "<group>";
		};
/* End PBXGroup section */

/* Begin PBXNativeTarget section */
		7B1C37C3238ACA9400B8F69B /* Meli */ = {
			isa = PBXNativeTarget;
			buildConfigurationList = 7B1C37D8238ACA9600B8F69B /* Build configuration list for PBXNativeTarget "Meli" */;
			buildPhases = (
				891E143A3A3F0D10C13DC378 /* [CP] Check Pods Manifest.lock */,
				7B1C37C0238ACA9400B8F69B /* Sources */,
				7B1C37C1238ACA9400B8F69B /* Frameworks */,
				7B1C37C2238ACA9400B8F69B /* Resources */,
				BBDCC5535E733B84EC33FF85 /* [CP] Embed Pods Frameworks */,
			);
			buildRules = (
			);
			dependencies = (
			);
			name = Meli;
			productName = Meli;
			productReference = 7B1C37C4238ACA9400B8F69B /* Meli.app */;
			productType = "com.apple.product-type.application";
		};
/* End PBXNativeTarget section */

/* Begin PBXProject section */
		7B1C37BC238ACA9400B8F69B /* Project object */ = {
			isa = PBXProject;
			attributes = {
				LastSwiftUpdateCheck = 1120;
				LastUpgradeCheck = 1120;
				ORGANIZATIONNAME = "Gilmer Marcano";
				TargetAttributes = {
					7B1C37C3238ACA9400B8F69B = {
						CreatedOnToolsVersion = 11.2.1;
					};
				};
			};
			buildConfigurationList = 7B1C37BF238ACA9400B8F69B /* Build configuration list for PBXProject "Meli" */;
			compatibilityVersion = "Xcode 9.3";
			developmentRegion = en;
			hasScannedForEncodings = 0;
			knownRegions = (
				en,
				Base,
			);
			mainGroup = 7B1C37BB238ACA9400B8F69B;
			productRefGroup = 7B1C37C5238ACA9400B8F69B /* Products */;
			projectDirPath = "";
			projectRoot = "";
			targets = (
				7B1C37C3238ACA9400B8F69B /* Meli */,
			);
		};
/* End PBXProject section */

/* Begin PBXResourcesBuildPhase section */
		7B1C37C2238ACA9400B8F69B /* Resources */ = {
			isa = PBXResourcesBuildPhase;
			buildActionMask = 2147483647;
			files = (
				FB1772CB239CB217004A3E0C /* CellView.xib in Resources */,
				7B1C37D4238ACA9600B8F69B /* LaunchScreen.storyboard in Resources */,
				7B1C37D1238ACA9600B8F69B /* Assets.xcassets in Resources */,
				7B1C37CF238ACA9400B8F69B /* Main.storyboard in Resources */,
			);
			runOnlyForDeploymentPostprocessing = 0;
		};
/* End PBXResourcesBuildPhase section */

/* Begin PBXShellScriptBuildPhase section */
		891E143A3A3F0D10C13DC378 /* [CP] Check Pods Manifest.lock */ = {
			isa = PBXShellScriptBuildPhase;
			buildActionMask = 2147483647;
			files = (
			);
			inputFileListPaths = (
			);
			inputPaths = (
				"${PODS_PODFILE_DIR_PATH}/Podfile.lock",
				"${PODS_ROOT}/Manifest.lock",
			);
			name = "[CP] Check Pods Manifest.lock";
			outputFileListPaths = (
			);
			outputPaths = (
				"$(DERIVED_FILE_DIR)/Pods-Meli-checkManifestLockResult.txt",
			);
			runOnlyForDeploymentPostprocessing = 0;
			shellPath = /bin/sh;
			shellScript = "diff \"${PODS_PODFILE_DIR_PATH}/Podfile.lock\" \"${PODS_ROOT}/Manifest.lock\" > /dev/null\nif [ $? != 0 ] ; then\n    # print error to STDERR\n    echo \"error: The sandbox is not in sync with the Podfile.lock. Run 'pod install' or update your CocoaPods installation.\" >&2\n    exit 1\nfi\n# This output is used by Xcode 'outputs' to avoid re-running this script phase.\necho \"SUCCESS\" > \"${SCRIPT_OUTPUT_FILE_0}\"\n";
			showEnvVarsInLog = 0;
		};
		BBDCC5535E733B84EC33FF85 /* [CP] Embed Pods Frameworks */ = {
			isa = PBXShellScriptBuildPhase;
			buildActionMask = 2147483647;
			files = (
			);
			inputFileListPaths = (
				"${PODS_ROOT}/Target Support Files/Pods-Meli/Pods-Meli-frameworks-${CONFIGURATION}-input-files.xcfilelist",
			);
			name = "[CP] Embed Pods Frameworks";
			outputFileListPaths = (
				"${PODS_ROOT}/Target Support Files/Pods-Meli/Pods-Meli-frameworks-${CONFIGURATION}-output-files.xcfilelist",
			);
			runOnlyForDeploymentPostprocessing = 0;
			shellPath = /bin/sh;
			shellScript = "\"${PODS_ROOT}/Target Support Files/Pods-Meli/Pods-Meli-frameworks.sh\"\n";
			showEnvVarsInLog = 0;
		};
/* End PBXShellScriptBuildPhase section */

/* Begin PBXSourcesBuildPhase section */
		7B1C37C0238ACA9400B8F69B /* Sources */ = {
			isa = PBXSourcesBuildPhase;
			buildActionMask = 2147483647;
			files = (
				7B1C37CC238ACA9400B8F69B /* ViewController.swift in Sources */,
				FB1772CF239CB266004A3E0C /* CellView.swift in Sources */,
				7BE64EF523A7DF240062C2F9 /* ViewController3.swift in Sources */,
				7B2037AB238C4A97009FAFE7 /* ViewController2.swift in Sources */,
				7B1C37C8238ACA9400B8F69B /* AppDelegate.swift in Sources */,
				7B1C37CA238ACA9400B8F69B /* SceneDelegate.swift in Sources */,
			);
			runOnlyForDeploymentPostprocessing = 0;
		};
/* End PBXSourcesBuildPhase section */

/* Begin PBXVariantGroup section */
		7B1C37CD238ACA9400B8F69B /* Main.storyboard */ = {
			isa = PBXVariantGroup;
			children = (
				7B1C37CE238ACA9400B8F69B /* Base */,
			);
			name = Main.storyboard;
			sourceTree = "<group>";
		};
		7B1C37D2238ACA9600B8F69B /* LaunchScreen.storyboard */ = {
			isa = PBXVariantGroup;
			children = (
				7B1C37D3238ACA9600B8F69B /* Base */,
			);
			name = LaunchScreen.storyboard;
			sourceTree = "<group>";
		};
/* End PBXVariantGroup section */

/* Begin XCBuildConfiguration section */
		7B1C37D6238ACA9600B8F69B /* Debug */ = {
			isa = XCBuildConfiguration;
			buildSettings = {
				ALWAYS_SEARCH_USER_PATHS = NO;
				CLANG_ANALYZER_NONNULL = YES;
				CLANG_ANALYZER_NUMBER_OBJECT_CONVERSION = YES_AGGRESSIVE;
				CLANG_CXX_LANGUAGE_STANDARD = "gnu++14";
				CLANG_CXX_LIBRARY = "libc++";
				CLANG_ENABLE_MODULES = YES;
				CLANG_ENABLE_OBJC_ARC = YES;
				CLANG_ENABLE_OBJC_WEAK = YES;
				CLANG_WARN_BLOCK_CAPTURE_AUTORELEASING = YES;
				CLANG_WARN_BOOL_CONVERSION = YES;
				CLANG_WARN_COMMA = YES;
				CLANG_WARN_CONSTANT_CONVERSION = YES;
				CLANG_WARN_DEPRECATED_OBJC_IMPLEMENTATIONS = YES;
				CLANG_WARN_DIRECT_OBJC_ISA_USAGE = YES_ERROR;
				CLANG_WARN_DOCUMENTATION_COMMENTS = YES;
				CLANG_WARN_EMPTY_BODY = YES;
				CLANG_WARN_ENUM_CONVERSION = YES;
				CLANG_WARN_INFINITE_RECURSION = YES;
				CLANG_WARN_INT_CONVERSION = YES;
				CLANG_WARN_NON_LITERAL_NULL_CONVERSION = YES;
				CLANG_WARN_OBJC_IMPLICIT_RETAIN_SELF = YES;
				CLANG_WARN_OBJC_LITERAL_CONVERSION = YES;
				CLANG_WARN_OBJC_ROOT_CLASS = YES_ERROR;
				CLANG_WARN_RANGE_LOOP_ANALYSIS = YES;
				CLANG_WARN_STRICT_PROTOTYPES = YES;
				CLANG_WARN_SUSPICIOUS_MOVE = YES;
				CLANG_WARN_UNGUARDED_AVAILABILITY = YES_AGGRESSIVE;
				CLANG_WARN_UNREACHABLE_CODE = YES;
				CLANG_WARN__DUPLICATE_METHOD_MATCH = YES;
				COPY_PHASE_STRIP = NO;
				DEBUG_INFORMATION_FORMAT = dwarf;
				ENABLE_STRICT_OBJC_MSGSEND = YES;
				ENABLE_TESTABILITY = YES;
				GCC_C_LANGUAGE_STANDARD = gnu11;
				GCC_DYNAMIC_NO_PIC = NO;
				GCC_NO_COMMON_BLOCKS = YES;
				GCC_OPTIMIZATION_LEVEL = 0;
				GCC_PREPROCESSOR_DEFINITIONS = (
					"DEBUG=1",
					"$(inherited)",
				);
				GCC_WARN_64_TO_32_BIT_CONVERSION = YES;
				GCC_WARN_ABOUT_RETURN_TYPE = YES_ERROR;
				GCC_WARN_UNDECLARED_SELECTOR = YES;
				GCC_WARN_UNINITIALIZED_AUTOS = YES_AGGRESSIVE;
				GCC_WARN_UNUSED_FUNCTION = YES;
				GCC_WARN_UNUSED_VARIABLE = YES;
				IPHONEOS_DEPLOYMENT_TARGET = 13.2;
				MTL_ENABLE_DEBUG_INFO = INCLUDE_SOURCE;
				MTL_FAST_MATH = YES;
				ONLY_ACTIVE_ARCH = YES;
				SDKROOT = iphoneos;
				SWIFT_ACTIVE_COMPILATION_CONDITIONS = DEBUG;
				SWIFT_OPTIMIZATION_LEVEL = "-Onone";
			};
			name = Debug;
		};
		7B1C37D7238ACA9600B8F69B /* Release */ = {
			isa = XCBuildConfiguration;
			buildSettings = {
				ALWAYS_SEARCH_USER_PATHS = NO;
				CLANG_ANALYZER_NONNULL = YES;
				CLANG_ANALYZER_NUMBER_OBJECT_CONVERSION = YES_AGGRESSIVE;
				CLANG_CXX_LANGUAGE_STANDARD = "gnu++14";
				CLANG_CXX_LIBRARY = "libc++";
				CLANG_ENABLE_MODULES = YES;
				CLANG_ENABLE_OBJC_ARC = YES;
				CLANG_ENABLE_OBJC_WEAK = YES;
				CLANG_WARN_BLOCK_CAPTURE_AUTORELEASING = YES;
				CLANG_WARN_BOOL_CONVERSION = YES;
				CLANG_WARN_COMMA = YES;
				CLANG_WARN_CONSTANT_CONVERSION = YES;
				CLANG_WARN_DEPRECATED_OBJC_IMPLEMENTATIONS = YES;
				CLANG_WARN_DIRECT_OBJC_ISA_USAGE = YES_ERROR;
				CLANG_WARN_DOCUMENTATION_COMMENTS = YES;
				CLANG_WARN_EMPTY_BODY = YES;
				CLANG_WARN_ENUM_CONVERSION = YES;
				CLANG_WARN_INFINITE_RECURSION = YES;
				CLANG_WARN_INT_CONVERSION = YES;
				CLANG_WARN_NON_LITERAL_NULL_CONVERSION = YES;
				CLANG_WARN_OBJC_IMPLICIT_RETAIN_SELF = YES;
				CLANG_WARN_OBJC_LITERAL_CONVERSION = YES;
				CLANG_WARN_OBJC_ROOT_CLASS = YES_ERROR;
				CLANG_WARN_RANGE_LOOP_ANALYSIS = YES;
				CLANG_WARN_STRICT_PROTOTYPES = YES;
				CLANG_WARN_SUSPICIOUS_MOVE = YES;
				CLANG_WARN_UNGUARDED_AVAILABILITY = YES_AGGRESSIVE;
				CLANG_WARN_UNREACHABLE_CODE = YES;
				CLANG_WARN__DUPLICATE_METHOD_MATCH = YES;
				COPY_PHASE_STRIP = NO;
				DEBUG_INFORMATION_FORMAT = "dwarf-with-dsym";
				ENABLE_NS_ASSERTIONS = NO;
				ENABLE_STRICT_OBJC_MSGSEND = YES;
				GCC_C_LANGUAGE_STANDARD = gnu11;
				GCC_NO_COMMON_BLOCKS = YES;
				GCC_WARN_64_TO_32_BIT_CONVERSION = YES;
				GCC_WARN_ABOUT_RETURN_TYPE = YES_ERROR;
				GCC_WARN_UNDECLARED_SELECTOR = YES;
				GCC_WARN_UNINITIALIZED_AUTOS = YES_AGGRESSIVE;
				GCC_WARN_UNUSED_FUNCTION = YES;
				GCC_WARN_UNUSED_VARIABLE = YES;
				IPHONEOS_DEPLOYMENT_TARGET = 13.2;
				MTL_ENABLE_DEBUG_INFO = NO;
				MTL_FAST_MATH = YES;
				SDKROOT = iphoneos;
				SWIFT_COMPILATION_MODE = wholemodule;
				SWIFT_OPTIMIZATION_LEVEL = "-O";
				VALIDATE_PRODUCT = YES;
			};
			name = Release;
		};
		7B1C37D9238ACA9600B8F69B /* Debug */ = {
			isa = XCBuildConfiguration;
			baseConfigurationReference = 233F13382C9C22DC305AEFFF /* Pods-Meli.debug.xcconfig */;
			buildSettings = {
				ASSETCATALOG_COMPILER_APPICON_NAME = AppIcon;
				CODE_SIGN_STYLE = Automatic;
				DEVELOPMENT_TEAM = 22U5A3ZUB8;
				INFOPLIST_FILE = Meli/Info.plist;
				IPHONEOS_DEPLOYMENT_TARGET = 13.0;
				LD_RUNPATH_SEARCH_PATHS = (
					"$(inherited)",
					"@executable_path/Frameworks",
				);
				PRODUCT_BUNDLE_IDENTIFIER = com.aplicacion.Meli;
				PRODUCT_NAME = "$(TARGET_NAME)";
				SWIFT_VERSION = 5.0;
				TARGETED_DEVICE_FAMILY = "1,2";
			};
			name = Debug;
		};
		7B1C37DA238ACA9600B8F69B /* Release */ = {
			isa = XCBuildConfiguration;
			baseConfigurationReference = 1E186D2E7A0AAC95D25E63B5 /* Pods-Meli.release.xcconfig */;
			buildSettings = {
				ASSETCATALOG_COMPILER_APPICON_NAME = AppIcon;
				CODE_SIGN_STYLE = Automatic;
				DEVELOPMENT_TEAM = 22U5A3ZUB8;
				INFOPLIST_FILE = Meli/Info.plist;
				IPHONEOS_DEPLOYMENT_TARGET = 13.0;
				LD_RUNPATH_SEARCH_PATHS = (
					"$(inherited)",
					"@executable_path/Frameworks",
				);
				PRODUCT_BUNDLE_IDENTIFIER = com.aplicacion.Meli;
				PRODUCT_NAME = "$(TARGET_NAME)";
				SWIFT_VERSION = 5.0;
				TARGETED_DEVICE_FAMILY = "1,2";
			};
			name = Release;
		};
/* End XCBuildConfiguration section */

/* Begin XCConfigurationList section */
		7B1C37BF238ACA9400B8F69B /* Build configuration list for PBXProject "Meli" */ = {
			isa = XCConfigurationList;
			buildConfigurations = (
				7B1C37D6238ACA9600B8F69B /* Debug */,
				7B1C37D7238ACA9600B8F69B /* Release */,
			);
			defaultConfigurationIsVisible = 0;
			defaultConfigurationName = Release;
		};
		7B1C37D8238ACA9600B8F69B /* Build configuration list for PBXNativeTarget "Meli" */ = {
			isa = XCConfigurationList;
			buildConfigurations = (
				7B1C37D9238ACA9600B8F69B /* Debug */,
				7B1C37DA238ACA9600B8F69B /* Release */,
			);
			defaultConfigurationIsVisible = 0;
			defaultConfigurationName = Release;
		};
/* End XCConfigurationList section */
	};
	rootObject = 7B1C37BC238ACA9400B8F69B /* Project object */;
}
